<?xml version="1.0" encoding="utf-8"?>
<Project ToolsVersion="18.0" xmlns="http://schemas.microsoft.com/developer/msbuild/2003">
  <ItemGroup>
    <CustomBuild Include="C:\Users\shrir\Downloads\Network Simulator\build-win\CMakeFiles\c97f60d297537651258d00605a596462\generate.stamp.rule">
      <Filter>CMake Rules</Filter>
    </CustomBuild>
  </ItemGroup>
  <ItemGroup>
    <Filter Include="CMake Rules">
      <UniqueIdentifier>{CD687C5F-499E-36D9-BFD4-A376CC870A9A}</UniqueIdentifier>
    </Filter>
  </ItemGroup>
</Project>
